
Microsoft Visual Studio Solution File, Format Version 12.00
# Visual Studio 14
VisualStudioVersion = 14.0.23107.0
MinimumVisualStudioVersion = 10.0.40219.1
Project("{FAE04EC0-301F-11D3-BF4B-00C04F79EFBC}") = "cryptodemo", "cryptodemo\cryptodemo.csproj", "{EDB8B9C0-CBD3-43F5-9384-7B7E84F2382C}"
EndProject
Project("{FAE04EC0-301F-11D3-BF4B-00C04F79EFBC}") = "cryptodemo.test", "cryptodemo.test\cryptodemo.test.csproj", "{1B5F44A7-3E96-48E2-8D84-3CB6F6FEF23A}"
EndProject
Global
	GlobalSection(SolutionConfigurationPlatforms) = preSolution
		Debug|Any CPU = Debug|Any CPU
		Release|Any CPU = Release|Any CPU
	EndGlobalSection
	GlobalSection(ProjectConfigurationPlatforms) = postSolution
		{EDB8B9C0-CBD3-43F5-9384-7B7E84F2382C}.Debug|Any CPU.ActiveCfg = Debug|Any CPU
		{EDB8B9C0-CBD3-43F5-9384-7B7E84F2382C}.Debug|Any CPU.Build.0 = Debug|Any CPU
		{EDB8B9C0-CBD3-43F5-9384-7B7E84F2382C}.Release|Any CPU.ActiveCfg = Release|Any CPU
		{EDB8B9C0-CBD3-43F5-9384-7B7E84F2382C}.Release|Any CPU.Build.0 = Release|Any CPU
		{1B5F44A7-3E96-48E2-8D84-3CB6F6FEF23A}.Debug|Any CPU.ActiveCfg = Debug|Any CPU
		{1B5F44A7-3E96-48E2-8D84-3CB6F6FEF23A}.Debug|Any CPU.Build.0 = Debug|Any CPU
		{1B5F44A7-3E96-48E2-8D84-3CB6F6FEF23A}.Release|Any CPU.ActiveCfg = Release|Any CPU
		{1B5F44A7-3E96-48E2-8D84-3CB6F6FEF23A}.Release|Any CPU.Build.0 = Release|Any CPU
	EndGlobalSection
	GlobalSection(SolutionProperties) = preSolution
		HideSolutionNode = FALSE
	EndGlobalSection
EndGlobal
